
Microsoft Visual Studio Solution File, Format Version 12.00
# Visual Studio Version 17
VisualStudioVersion = 17.3.32929.385
MinimumVisualStudioVersion = 10.0.40219.1
Project("{9A19103F-16F7-4668-BE54-9A1E7A4F7556}") = "Entidades", "Entidades\Entidades.csproj", "{03725E6E-5B92-439C-BBB9-0A0AB53E6545}"
EndProject
Project("{FAE04EC0-301F-11D3-BF4B-00C04F79EFBC}") = "Interfaz", "Interfaz\Interfaz.csproj", "{277DCDD6-C987-4E44-827F-FCDEB01924D3}"
EndProject
Global
	GlobalSection(SolutionConfigurationPlatforms) = preSolution
		Debug|Any CPU = Debug|Any CPU
		Release|Any CPU = Release|Any CPU
	EndGlobalSection
	GlobalSection(ProjectConfigurationPlatforms) = postSolution
		{03725E6E-5B92-439C-BBB9-0A0AB53E6545}.Debug|Any CPU.ActiveCfg = Debug|Any CPU
		{03725E6E-5B92-439C-BBB9-0A0AB53E6545}.Debug|Any CPU.Build.0 = Debug|Any CPU
		{03725E6E-5B92-439C-BBB9-0A0AB53E6545}.Release|Any CPU.ActiveCfg = Release|Any CPU
		{03725E6E-5B92-439C-BBB9-0A0AB53E6545}.Release|Any CPU.Build.0 = Release|Any CPU
		{277DCDD6-C987-4E44-827F-FCDEB01924D3}.Debug|Any CPU.ActiveCfg = Debug|Any CPU
		{277DCDD6-C987-4E44-827F-FCDEB01924D3}.Debug|Any CPU.Build.0 = Debug|Any CPU
		{277DCDD6-C987-4E44-827F-FCDEB01924D3}.Release|Any CPU.ActiveCfg = Release|Any CPU
		{277DCDD6-C987-4E44-827F-FCDEB01924D3}.Release|Any CPU.Build.0 = Release|Any CPU
	EndGlobalSection
	GlobalSection(SolutionProperties) = preSolution
		HideSolutionNode = FALSE
	EndGlobalSection
	GlobalSection(ExtensibilityGlobals) = postSolution
		SolutionGuid = {2684A923-DA5A-4A5B-BDAB-03D1CD053566}
	EndGlobalSection
EndGlobal
